Microsoft Visual Studio Solution File, Format Version 12.00
# Visual Studio Version 17
VisualStudioVersion = 17.5.2.0
MinimumVisualStudioVersion = 10.0.40219.1
Project("{FAE04EC0-301F-11D3-BF4B-00C04F79EFBC}") = "quiz_api", "quiz_api.csproj", "{3945D82A-DA7D-21F4-8371-A6086439C213}"
EndProject
Global
	GlobalSection(SolutionConfigurationPlatforms) = preSolution
		Debug|Any CPU = Debug|Any CPU
		Release|Any CPU = Release|Any CPU
	EndGlobalSection
	GlobalSection(ProjectConfigurationPlatforms) = postSolution
		{3945D82A-DA7D-21F4-8371-A6086439C213}.Debug|Any CPU.ActiveCfg = Debug|Any CPU
		{3945D82A-DA7D-21F4-8371-A6086439C213}.Debug|Any CPU.Build.0 = Debug|Any CPU
		{3945D82A-DA7D-21F4-8371-A6086439C213}.Release|Any CPU.ActiveCfg = Release|Any CPU
		{3945D82A-DA7D-21F4-8371-A6086439C213}.Release|Any CPU.Build.0 = Release|Any CPU
	EndGlobalSection
	GlobalSection(SolutionProperties) = preSolution
		HideSolutionNode = FALSE
	EndGlobalSection
	GlobalSection(ExtensibilityGlobals) = postSolution
		SolutionGuid = {DA26375C-EE73-47FA-B9D9-507DF5026FB9}
	EndGlobalSection
EndGlobal
